
Microsoft Visual Studio Solution File, Format Version 12.00
# Visual Studio Version 16
VisualStudioVersion = 16.0.31702.278
MinimumVisualStudioVersion = 10.0.40219.1
Project("{FAE04EC0-301F-11D3-BF4B-00C04F79EFBC}") = "ConsoleApp2", "ConsoleApp2.csproj", "{B0925F88-14C8-4EB8-B70D-9985339584E8}"
EndProject
Global
	GlobalSection(SolutionConfigurationPlatforms) = preSolution
		Debug|Any CPU = Debug|Any CPU
		Release|Any CPU = Release|Any CPU
	EndGlobalSection
	GlobalSection(ProjectConfigurationPlatforms) = postSolution
		{B0925F88-14C8-4EB8-B70D-9985339584E8}.Debug|Any CPU.ActiveCfg = Debug|Any CPU
		{B0925F88-14C8-4EB8-B70D-9985339584E8}.Debug|Any CPU.Build.0 = Debug|Any CPU
		{B0925F88-14C8-4EB8-B70D-9985339584E8}.Release|Any CPU.ActiveCfg = Release|Any CPU
		{B0925F88-14C8-4EB8-B70D-9985339584E8}.Release|Any CPU.Build.0 = Release|Any CPU
	EndGlobalSection
	GlobalSection(SolutionProperties) = preSolution
		HideSolutionNode = FALSE
	EndGlobalSection
	GlobalSection(ExtensibilityGlobals) = postSolution
		SolutionGuid = {B4903B03-F814-4E46-B199-0088FE8536CA}
	EndGlobalSection
EndGlobal
